# This file was autogenerated by Stack.
# You should not edit this file by hand.
# For more information, please see the documentation at:
#   https://docs.haskellstack.org/en/stable/lock_files

packages:
- completed:
    hackage: aeson-1.1.0.0@sha256:7be93b9b1110e5e997a9f4126c24ffe2687ed0b53b1c300b87f11bd5b6af9b87,5833
    pantry-tree:
      size: 6086
      sha256: a392106ca1934e9f4b42d01e83b473a6036981a6101fe9c133011ea39304b8c1
  original:
    hackage: aeson-1.1.0.0
- completed:
    hackage: hint-0.7.0@sha256:e231a477756c25e5e4783869e5dd21d40b27d3cfe135c90e2e3cd36d9ed326f1,2726
    pantry-tree:
      size: 1654
      sha256: 1e3e4bfc7d759bda2a15abb2b75efda1708d5b475a7007501200bf4a3f00c8e9
  original:
    hackage: hint-0.7.0
- completed:
    hackage: http-api-data-0.3.5@sha256:0a14c2a1b000447b0ba52471206f7d4404bd63e2be8f1e379ebf94516a825532,2786
    pantry-tree:
      size: 947
      sha256: fcb62b5da9f3e6d9e238053ba12ebc9cead7db71e37ab971ec091de6a5a12612
  original:
    hackage: http-api-data-0.3.5
- completed:
    hackage: parsec-numbers-0.1.0@sha256:60fa05b1c16050dffd0e28cecb682a021eeec1be6f34dc9d901a38c90182f289,727
    pantry-tree:
      size: 281
      sha256: 436569c1d85f65785085f9f58ca44064001fb6f68b5cfe30670574ba45644f4c
  original:
    hackage: parsec-numbers-0.1.0
- completed:
    hackage: parsec3-1.0.1.8@sha256:1a9d626a0f19753617c75ea84e022592c0fb77af5f9772de5b7c0cf101bd61e7,2159
    pantry-tree:
      size: 1130
      sha256: d7d8f1b32a5ab70796924457d97556c299bf05c9c32ca01e21cde05212111ab5
  original:
    hackage: parsec3-1.0.1.8
- completed:
    hackage: servant-0.10@sha256:c7bf0617bf1399ae156312c24258df7571c87ac8a15e2d0a1ea23f7d4edfae80,4613
    pantry-tree:
      size: 2132
      sha256: 2e4e1e81678100ed7f8408b9c4e431561b2620dbc1e601543f131140a3d47e4c
  original:
    hackage: servant-0.10
- completed:
    hackage: servant-server-0.10@sha256:39175e589dfcbd833cb9a244b8516a2357d143c10b872f52ae8bd5c3c66d6b1a,5116
    pantry-tree:
      size: 2135
      sha256: 230c7653e591d70643da3f6b5a5981604b408074c030016dba30ae36225228b9
  original:
    hackage: servant-server-0.10
- completed:
    size: 21896
    url: https://github.com/OctopiChalmers/BinderAnn/archive/master.zip
    cabal-file:
      size: 1839
      sha256: a7b0c442ec90695d60bcfeaeba2960b0b33a3acbfd598c777dd2863dcb967622
    name: BinderAnn
    version: 0.1.0.0
    sha256: 3ca46423af798597bd62a5674119ed9d8f6a07cc5d1b4d0ac07bcca1fd491c2e
    pantry-tree:
      size: 1560
      sha256: 9c1c91759f82b84caba035f14dbe51675bad8f2161fcdea66aae886e44e439ad
  original:
    url: https://github.com/OctopiChalmers/BinderAnn/archive/master.zip
snapshots:
- completed:
    size: 523700
    url: https://raw.githubusercontent.com/commercialhaskell/stackage-snapshots/master/lts/14/7.yaml
    sha256: 8e3f3c894be74d71fa4bf085e0a8baae7e4d7622d07ea31a52736b80f8b9bb1a
  original: lts-14.7
