# This file was autogenerated by Stack.
# You should not edit this file by hand.
# For more information, please see the documentation at:
#   https://docs.haskellstack.org/en/stable/lock_files

packages:
- completed:
    cabal-file:
      size: 1839
      sha256: a7b0c442ec90695d60bcfeaeba2960b0b33a3acbfd598c777dd2863dcb967622
    name: BinderAnn
    version: 0.1.0.0
    git: https://github.com/OctopiChalmers/BinderAnn.git
    pantry-tree:
      size: 2425
      sha256: db2b023f697aa629dd1b00e14f06e66105b21f8ab8a28e924cf1a6c90d6c820e
    commit: de3b814597a4b533a0365b8b96841bb8d27e761e
  original:
    git: https://github.com/OctopiChalmers/BinderAnn.git
    commit: de3b814597a4b533a0365b8b96841bb8d27e761e
snapshots:
- completed:
    size: 523700
    url: https://raw.githubusercontent.com/commercialhaskell/stackage-snapshots/master/lts/14/7.yaml
    sha256: 8e3f3c894be74d71fa4bf085e0a8baae7e4d7622d07ea31a52736b80f8b9bb1a
  original: lts-14.7
