# This file was autogenerated by Stack.
# You should not edit this file by hand.
# For more information, please see the documentation at:
#   https://docs.haskellstack.org/en/stable/lock_files

packages:
- completed:
    hackage: parsec3-1.0.1.8@sha256:1a9d626a0f19753617c75ea84e022592c0fb77af5f9772de5b7c0cf101bd61e7,2159
    pantry-tree:
      size: 1130
      sha256: d7d8f1b32a5ab70796924457d97556c299bf05c9c32ca01e21cde05212111ab5
  original:
    hackage: parsec3-1.0.1.8
snapshots:
- completed:
    size: 523700
    url: https://raw.githubusercontent.com/commercialhaskell/stackage-snapshots/master/lts/14/7.yaml
    sha256: 8e3f3c894be74d71fa4bf085e0a8baae7e4d7622d07ea31a52736b80f8b9bb1a
  original: lts-14.7
